
Microsoft Visual Studio Solution File, Format Version 11.00
# Visual Studio 2010
Project("{FAE04EC0-301F-11D3-BF4B-00C04F79EFBC}") = "Assembly-CSharp", "Assembly-CSharp.csproj", "{79C30A71-8D8D-E9C0-2E2E-0BED69082B13}"
EndProject
Global
	GlobalSection(SolutionConfigurationPlatforms) = preSolution
		Debug|Any CPU = Debug|Any CPU
		Release|Any CPU = Release|Any CPU
	EndGlobalSection
	GlobalSection(ProjectConfigurationPlatforms) = postSolution
		{79C30A71-8D8D-E9C0-2E2E-0BED69082B13}.Debug|Any CPU.ActiveCfg = Debug|Any CPU
		{79C30A71-8D8D-E9C0-2E2E-0BED69082B13}.Debug|Any CPU.Build.0 = Debug|Any CPU
		{79C30A71-8D8D-E9C0-2E2E-0BED69082B13}.Release|Any CPU.ActiveCfg = Release|Any CPU
		{79C30A71-8D8D-E9C0-2E2E-0BED69082B13}.Release|Any CPU.Build.0 = Release|Any CPU
	EndGlobalSection
	GlobalSection(SolutionProperties) = preSolution
		HideSolutionNode = FALSE
	EndGlobalSection
EndGlobal
